// !$*UTF8*$!
{
	archiveVersion = 1;
	classes = {
	};
	objectVersion = 51;
	objects = {

/* Begin PBXBuildFile section */
		463CD91A2445D179009B59B3 /* AccessibilityIdentifiers.swift in Sources */ = {isa = PBXBuildFile; fileRef = 463CD9192445D179009B59B3 /* AccessibilityIdentifiers.swift */; };
		463CD91C2445D1A0009B59B3 /* AccessibilityLabels.swift in Sources */ = {isa = PBXBuildFile; fileRef = 463CD91B2445D1A0009B59B3 /* AccessibilityLabels.swift */; };
		463CD9212445D982009B59B3 /* XCTestCase+Helpers.swift in Sources */ = {isa = PBXBuildFile; fileRef = 463CD9202445D982009B59B3 /* XCTestCase+Helpers.swift */; };
		463CD9222445DE38009B59B3 /* AccessibilityIdentifiers.swift in Sources */ = {isa = PBXBuildFile; fileRef = 463CD9192445D179009B59B3 /* AccessibilityIdentifiers.swift */; };
		463CD9232445DE38009B59B3 /* AccessibilityLabels.swift in Sources */ = {isa = PBXBuildFile; fileRef = 463CD91B2445D1A0009B59B3 /* AccessibilityLabels.swift */; };
		465EBDB6243FF39A00C35D97 /* R.generated.swift in Sources */ = {isa = PBXBuildFile; fileRef = 465EBDB5243FF39A00C35D97 /* R.generated.swift */; };
		465EBDC0243FF53900C35D97 /* ShadowedView.swift in Sources */ = {isa = PBXBuildFile; fileRef = 465EBDBF243FF53900C35D97 /* ShadowedView.swift */; };
		465EBDC2243FF59B00C35D97 /* HomeVC.swift in Sources */ = {isa = PBXBuildFile; fileRef = 465EBDC1243FF59B00C35D97 /* HomeVC.swift */; };
		465EBDC4243FF69000C35D97 /* WEService.swift in Sources */ = {isa = PBXBuildFile; fileRef = 465EBDC3243FF69000C35D97 /* WEService.swift */; };
		465EBDC6243FF85700C35D97 /* URLSession+Extension.swift in Sources */ = {isa = PBXBuildFile; fileRef = 465EBDC5243FF85700C35D97 /* URLSession+Extension.swift */; };
		465EBDC8243FF86F00C35D97 /* Date+Extension.swift in Sources */ = {isa = PBXBuildFile; fileRef = 465EBDC7243FF86F00C35D97 /* Date+Extension.swift */; };
		465EBDCA243FF99F00C35D97 /* Colors.xcassets in Resources */ = {isa = PBXBuildFile; fileRef = 465EBDC9243FF99F00C35D97 /* Colors.xcassets */; };
		465EBDCC243FFACB00C35D97 /* TypeAlias.swift in Sources */ = {isa = PBXBuildFile; fileRef = 465EBDCB243FFACB00C35D97 /* TypeAlias.swift */; };
		465EBDD2243FFB6600C35D97 /* Roboto-Medium.ttf in Resources */ = {isa = PBXBuildFile; fileRef = 465EBDCD243FFB6600C35D97 /* Roboto-Medium.ttf */; };
		465EBDD3243FFB6600C35D97 /* Roboto-Bold.ttf in Resources */ = {isa = PBXBuildFile; fileRef = 465EBDCE243FFB6600C35D97 /* Roboto-Bold.ttf */; };
		465EBDD4243FFB6600C35D97 /* Roboto-Italic.ttf in Resources */ = {isa = PBXBuildFile; fileRef = 465EBDCF243FFB6600C35D97 /* Roboto-Italic.ttf */; };
		465EBDD5243FFB6600C35D97 /* Roboto-Light.ttf in Resources */ = {isa = PBXBuildFile; fileRef = 465EBDD0243FFB6600C35D97 /* Roboto-Light.ttf */; };
		465EBDD6243FFB6600C35D97 /* Roboto-Regular.ttf in Resources */ = {isa = PBXBuildFile; fileRef = 465EBDD1243FFB6600C35D97 /* Roboto-Regular.ttf */; };
		465EBDD8244035C600C35D97 /* Event.swift in Sources */ = {isa = PBXBuildFile; fileRef = 465EBDD7244035C600C35D97 /* Event.swift */; };
		465EBDDA2440407C00C35D97 /* Coupon.swift in Sources */ = {isa = PBXBuildFile; fileRef = 465EBDD92440407C00C35D97 /* Coupon.swift */; };
		465EBDDC2440455C00C35D97 /* Person.swift in Sources */ = {isa = PBXBuildFile; fileRef = 465EBDDB2440455C00C35D97 /* Person.swift */; };
		465EBDE0244119E900C35D97 /* EventCell.swift in Sources */ = {isa = PBXBuildFile; fileRef = 465EBDDE244119E900C35D97 /* EventCell.swift */; };
		465EBDE1244119E900C35D97 /* EventCell.xib in Resources */ = {isa = PBXBuildFile; fileRef = 465EBDDF244119E900C35D97 /* EventCell.xib */; };
		465EBDE3244162F900C35D97 /* ReversedGeoLocation.swift in Sources */ = {isa = PBXBuildFile; fileRef = 465EBDE2244162F900C35D97 /* ReversedGeoLocation.swift */; };
		465EBDE524416A1200C35D97 /* UIImageView+Extension.swift in Sources */ = {isa = PBXBuildFile; fileRef = 465EBDE424416A1200C35D97 /* UIImageView+Extension.swift */; };
		465EBDE72442B85100C35D97 /* EventDetailVC.swift in Sources */ = {isa = PBXBuildFile; fileRef = 465EBDE62442B85100C35D97 /* EventDetailVC.swift */; };
		465EBDEA2442C8BC00C35D97 /* EventResumeCell.swift in Sources */ = {isa = PBXBuildFile; fileRef = 465EBDE82442C8BC00C35D97 /* EventResumeCell.swift */; };
		465EBDEB2442C8BD00C35D97 /* EventResumeCell.xib in Resources */ = {isa = PBXBuildFile; fileRef = 465EBDE92442C8BC00C35D97 /* EventResumeCell.xib */; };
		465EBDEE2443D1E300C35D97 /* WeStoryboardViewController.swift in Sources */ = {isa = PBXBuildFile; fileRef = 465EBDED2443D1E300C35D97 /* WeStoryboardViewController.swift */; };
		465EBDF02443D26400C35D97 /* WeStoryboardManager.swift in Sources */ = {isa = PBXBuildFile; fileRef = 465EBDEF2443D26400C35D97 /* WeStoryboardManager.swift */; };
		4682CA2524443CC40098B930 /* Checkin.swift in Sources */ = {isa = PBXBuildFile; fileRef = 4682CA2424443CC40098B930 /* Checkin.swift */; };
		4682CA2724450BDC0098B930 /* CheckinResponse.swift in Sources */ = {isa = PBXBuildFile; fileRef = 4682CA2624450BDC0098B930 /* CheckinResponse.swift */; };
		4682CA29244530A80098B930 /* CheckinVC.swift in Sources */ = {isa = PBXBuildFile; fileRef = 4682CA28244530A80098B930 /* CheckinVC.swift */; };
		4682CA2B244539C50098B930 /* UINavigationController+Extension.swift in Sources */ = {isa = PBXBuildFile; fileRef = 4682CA2A244539C50098B930 /* UINavigationController+Extension.swift */; };
		4682CA2D244569400098B930 /* WeConnectivityStatus.swift in Sources */ = {isa = PBXBuildFile; fileRef = 4682CA2C244569400098B930 /* WeConnectivityStatus.swift */; };
		4682CA2F24456A390098B930 /* BaseXibComponent.swift in Sources */ = {isa = PBXBuildFile; fileRef = 4682CA2E24456A390098B930 /* BaseXibComponent.swift */; };
		4682CA3124456B430098B930 /* ErrorView.swift in Sources */ = {isa = PBXBuildFile; fileRef = 4682CA3024456B420098B930 /* ErrorView.swift */; };
		4682CA3324456D3A0098B930 /* ErrorView.xib in Resources */ = {isa = PBXBuildFile; fileRef = 4682CA3224456D3A0098B930 /* ErrorView.xib */; };
		5C1ADDFBD8D036D1C61AFBFC /* Pods_WoopEventsTests.framework in Frameworks */ = {isa = PBXBuildFile; fileRef = 70C0CBF8A3727C1E63127DFA /* Pods_WoopEventsTests.framework */; };
		8BFE2AC76DEF8AD7FE298B20 /* Pods_WoopEvents.framework in Frameworks */ = {isa = PBXBuildFile; fileRef = 0C56AFB8077FB14647090ED9 /* Pods_WoopEvents.framework */; };
		D14F26A178CEB873A3946F16 /* Pods_WoopEvents_WoopEventsUITests.framework in Frameworks */ = {isa = PBXBuildFile; fileRef = 3A92DE8478E04B7EDB8D0D50 /* Pods_WoopEvents_WoopEventsUITests.framework */; };
		EC0C521F243FCDDC00B9374C /* AppDelegate.swift in Sources */ = {isa = PBXBuildFile; fileRef = EC0C521E243FCDDC00B9374C /* AppDelegate.swift */; };
		EC0C5226243FCDDC00B9374C /* Main.storyboard in Resources */ = {isa = PBXBuildFile; fileRef = EC0C5224243FCDDC00B9374C /* Main.storyboard */; };
		EC0C5228243FCDE200B9374C /* Assets.xcassets in Resources */ = {isa = PBXBuildFile; fileRef = EC0C5227243FCDE200B9374C /* Assets.xcassets */; };
		EC0C522B243FCDE200B9374C /* LaunchScreen.storyboard in Resources */ = {isa = PBXBuildFile; fileRef = EC0C5229243FCDE200B9374C /* LaunchScreen.storyboard */; };
		EC0C5236243FCDE200B9374C /* WoopEventsTests.swift in Sources */ = {isa = PBXBuildFile; fileRef = EC0C5235243FCDE200B9374C /* WoopEventsTests.swift */; };
		EC0C5241243FCDE200B9374C /* WoopEventsUITests.swift in Sources */ = {isa = PBXBuildFile; fileRef = EC0C5240243FCDE200B9374C /* WoopEventsUITests.swift */; };
/* End PBXBuildFile section */

/* Begin PBXContainerItemProxy section */
		EC0C5232243FCDE200B9374C /* PBXContainerItemProxy */ = {
			isa = PBXContainerItemProxy;
			containerPortal = EC0C5213243FCDDC00B9374C /* Project object */;
			proxyType = 1;
			remoteGlobalIDString = EC0C521A243FCDDC00B9374C;
			remoteInfo = WoopEvents;
		};
		EC0C523D243FCDE200B9374C /* PBXContainerItemProxy */ = {
			isa = PBXContainerItemProxy;
			containerPortal = EC0C5213243FCDDC00B9374C /* Project object */;
			proxyType = 1;
			remoteGlobalIDString = EC0C521A243FCDDC00B9374C;
			remoteInfo = WoopEvents;
		};
/* End PBXContainerItemProxy section */

/* Begin PBXFileReference section */
		0C56AFB8077FB14647090ED9 /* Pods_WoopEvents.framework */ = {isa = PBXFileReference; explicitFileType = wrapper.framework; includeInIndex = 0; path = Pods_WoopEvents.framework; sourceTree = BUILT_PRODUCTS_DIR; };
		1F379F2241525063A0459F8D /* Pods-WoopEvents-WoopEventsUITests.debug.xcconfig */ = {isa = PBXFileReference; includeInIndex = 1; lastKnownFileType = text.xcconfig; name = "Pods-WoopEvents-WoopEventsUITests.debug.xcconfig"; path = "Target Support Files/Pods-WoopEvents-WoopEventsUITests/Pods-WoopEvents-WoopEventsUITests.debug.xcconfig"; sourceTree = "<group>"; };
		3A92DE8478E04B7EDB8D0D50 /* Pods_WoopEvents_WoopEventsUITests.framework */ = {isa = PBXFileReference; explicitFileType = wrapper.framework; includeInIndex = 0; path = Pods_WoopEvents_WoopEventsUITests.framework; sourceTree = BUILT_PRODUCTS_DIR; };
		463CD9192445D179009B59B3 /* AccessibilityIdentifiers.swift */ = {isa = PBXFileReference; lastKnownFileType = sourcecode.swift; path = AccessibilityIdentifiers.swift; sourceTree = "<group>"; };
		463CD91B2445D1A0009B59B3 /* AccessibilityLabels.swift */ = {isa = PBXFileReference; lastKnownFileType = sourcecode.swift; path = AccessibilityLabels.swift; sourceTree = "<group>"; };
		463CD9202445D982009B59B3 /* XCTestCase+Helpers.swift */ = {isa = PBXFileReference; lastKnownFileType = sourcecode.swift; path = "XCTestCase+Helpers.swift"; sourceTree = "<group>"; };
		465EBDB5243FF39A00C35D97 /* R.generated.swift */ = {isa = PBXFileReference; fileEncoding = 4; lastKnownFileType = sourcecode.swift; path = R.generated.swift; sourceTree = SOURCE_ROOT; };
		465EBDBF243FF53900C35D97 /* ShadowedView.swift */ = {isa = PBXFileReference; lastKnownFileType = sourcecode.swift; path = ShadowedView.swift; sourceTree = "<group>"; };
		465EBDC1243FF59B00C35D97 /* HomeVC.swift */ = {isa = PBXFileReference; lastKnownFileType = sourcecode.swift; path = HomeVC.swift; sourceTree = "<group>"; };
		465EBDC3243FF69000C35D97 /* WEService.swift */ = {isa = PBXFileReference; lastKnownFileType = sourcecode.swift; path = WEService.swift; sourceTree = "<group>"; };
		465EBDC5243FF85700C35D97 /* URLSession+Extension.swift */ = {isa = PBXFileReference; lastKnownFileType = sourcecode.swift; path = "URLSession+Extension.swift"; sourceTree = "<group>"; };
		465EBDC7243FF86F00C35D97 /* Date+Extension.swift */ = {isa = PBXFileReference; lastKnownFileType = sourcecode.swift; path = "Date+Extension.swift"; sourceTree = "<group>"; };
		465EBDC9243FF99F00C35D97 /* Colors.xcassets */ = {isa = PBXFileReference; lastKnownFileType = folder.assetcatalog; path = Colors.xcassets; sourceTree = "<group>"; };
		465EBDCB243FFACB00C35D97 /* TypeAlias.swift */ = {isa = PBXFileReference; lastKnownFileType = sourcecode.swift; path = TypeAlias.swift; sourceTree = "<group>"; };
		465EBDCD243FFB6600C35D97 /* Roboto-Medium.ttf */ = {isa = PBXFileReference; lastKnownFileType = file; path = "Roboto-Medium.ttf"; sourceTree = "<group>"; };
		465EBDCE243FFB6600C35D97 /* Roboto-Bold.ttf */ = {isa = PBXFileReference; lastKnownFileType = file; path = "Roboto-Bold.ttf"; sourceTree = "<group>"; };
		465EBDCF243FFB6600C35D97 /* Roboto-Italic.ttf */ = {isa = PBXFileReference; lastKnownFileType = file; path = "Roboto-Italic.ttf"; sourceTree = "<group>"; };
		465EBDD0243FFB6600C35D97 /* Roboto-Light.ttf */ = {isa = PBXFileReference; lastKnownFileType = file; path = "Roboto-Light.ttf"; sourceTree = "<group>"; };
		465EBDD1243FFB6600C35D97 /* Roboto-Regular.ttf */ = {isa = PBXFileReference; lastKnownFileType = file; path = "Roboto-Regular.ttf"; sourceTree = "<group>"; };
		465EBDD7244035C600C35D97 /* Event.swift */ = {isa = PBXFileReference; lastKnownFileType = sourcecode.swift; path = Event.swift; sourceTree = "<group>"; };
		465EBDD92440407C00C35D97 /* Coupon.swift */ = {isa = PBXFileReference; lastKnownFileType = sourcecode.swift; path = Coupon.swift; sourceTree = "<group>"; };
		465EBDDB2440455C00C35D97 /* Person.swift */ = {isa = PBXFileReference; lastKnownFileType = sourcecode.swift; path = Person.swift; sourceTree = "<group>"; };
		465EBDDE244119E900C35D97 /* EventCell.swift */ = {isa = PBXFileReference; lastKnownFileType = sourcecode.swift; path = EventCell.swift; sourceTree = "<group>"; };
		465EBDDF244119E900C35D97 /* EventCell.xib */ = {isa = PBXFileReference; lastKnownFileType = file.xib; path = EventCell.xib; sourceTree = "<group>"; };
		465EBDE2244162F900C35D97 /* ReversedGeoLocation.swift */ = {isa = PBXFileReference; lastKnownFileType = sourcecode.swift; path = ReversedGeoLocation.swift; sourceTree = "<group>"; };
		465EBDE424416A1200C35D97 /* UIImageView+Extension.swift */ = {isa = PBXFileReference; lastKnownFileType = sourcecode.swift; path = "UIImageView+Extension.swift"; sourceTree = "<group>"; };
		465EBDE62442B85100C35D97 /* EventDetailVC.swift */ = {isa = PBXFileReference; lastKnownFileType = sourcecode.swift; path = EventDetailVC.swift; sourceTree = "<group>"; };
		465EBDE82442C8BC00C35D97 /* EventResumeCell.swift */ = {isa = PBXFileReference; lastKnownFileType = sourcecode.swift; path = EventResumeCell.swift; sourceTree = "<group>"; };
		465EBDE92442C8BC00C35D97 /* EventResumeCell.xib */ = {isa = PBXFileReference; lastKnownFileType = file.xib; path = EventResumeCell.xib; sourceTree = "<group>"; };
		465EBDED2443D1E300C35D97 /* WeStoryboardViewController.swift */ = {isa = PBXFileReference; lastKnownFileType = sourcecode.swift; path = WeStoryboardViewController.swift; sourceTree = "<group>"; };
		465EBDEF2443D26400C35D97 /* WeStoryboardManager.swift */ = {isa = PBXFileReference; lastKnownFileType = sourcecode.swift; path = WeStoryboardManager.swift; sourceTree = "<group>"; };
		4682CA2424443CC40098B930 /* Checkin.swift */ = {isa = PBXFileReference; lastKnownFileType = sourcecode.swift; path = Checkin.swift; sourceTree = "<group>"; };
		4682CA2624450BDC0098B930 /* CheckinResponse.swift */ = {isa = PBXFileReference; lastKnownFileType = sourcecode.swift; path = CheckinResponse.swift; sourceTree = "<group>"; };
		4682CA28244530A80098B930 /* CheckinVC.swift */ = {isa = PBXFileReference; lastKnownFileType = sourcecode.swift; path = CheckinVC.swift; sourceTree = "<group>"; };
		4682CA2A244539C50098B930 /* UINavigationController+Extension.swift */ = {isa = PBXFileReference; lastKnownFileType = sourcecode.swift; path = "UINavigationController+Extension.swift"; sourceTree = "<group>"; };
		4682CA2C244569400098B930 /* WeConnectivityStatus.swift */ = {isa = PBXFileReference; lastKnownFileType = sourcecode.swift; path = WeConnectivityStatus.swift; sourceTree = "<group>"; };
		4682CA2E24456A390098B930 /* BaseXibComponent.swift */ = {isa = PBXFileReference; lastKnownFileType = sourcecode.swift; path = BaseXibComponent.swift; sourceTree = "<group>"; };
		4682CA3024456B420098B930 /* ErrorView.swift */ = {isa = PBXFileReference; lastKnownFileType = sourcecode.swift; path = ErrorView.swift; sourceTree = "<group>"; };
		4682CA3224456D3A0098B930 /* ErrorView.xib */ = {isa = PBXFileReference; lastKnownFileType = file.xib; path = ErrorView.xib; sourceTree = "<group>"; };
		516FC4C9E04C2CE3852B0759 /* Pods-WoopEventsTests.debug.xcconfig */ = {isa = PBXFileReference; includeInIndex = 1; lastKnownFileType = text.xcconfig; name = "Pods-WoopEventsTests.debug.xcconfig"; path = "Target Support Files/Pods-WoopEventsTests/Pods-WoopEventsTests.debug.xcconfig"; sourceTree = "<group>"; };
		60C7F16C03C4C8FBF2B96F8E /* Pods-WoopEventsTests.release.xcconfig */ = {isa = PBXFileReference; includeInIndex = 1; lastKnownFileType = text.xcconfig; name = "Pods-WoopEventsTests.release.xcconfig"; path = "Target Support Files/Pods-WoopEventsTests/Pods-WoopEventsTests.release.xcconfig"; sourceTree = "<group>"; };
		70C0CBF8A3727C1E63127DFA /* Pods_WoopEventsTests.framework */ = {isa = PBXFileReference; explicitFileType = wrapper.framework; includeInIndex = 0; path = Pods_WoopEventsTests.framework; sourceTree = BUILT_PRODUCTS_DIR; };
		AB62362BCF3643783D05535C /* Pods-WoopEvents.debug.xcconfig */ = {isa = PBXFileReference; includeInIndex = 1; lastKnownFileType = text.xcconfig; name = "Pods-WoopEvents.debug.xcconfig"; path = "Target Support Files/Pods-WoopEvents/Pods-WoopEvents.debug.xcconfig"; sourceTree = "<group>"; };
		C6C3159E8F95D733F14AB8B8 /* Pods-WoopEvents.release.xcconfig */ = {isa = PBXFileReference; includeInIndex = 1; lastKnownFileType = text.xcconfig; name = "Pods-WoopEvents.release.xcconfig"; path = "Target Support Files/Pods-WoopEvents/Pods-WoopEvents.release.xcconfig"; sourceTree = "<group>"; };
		EAAB12C1CA1A5050D5E1AB08 /* Pods-WoopEvents-WoopEventsUITests.release.xcconfig */ = {isa = PBXFileReference; includeInIndex = 1; lastKnownFileType = text.xcconfig; name = "Pods-WoopEvents-WoopEventsUITests.release.xcconfig"; path = "Target Support Files/Pods-WoopEvents-WoopEventsUITests/Pods-WoopEvents-WoopEventsUITests.release.xcconfig"; sourceTree = "<group>"; };
		EC0C521B243FCDDC00B9374C /* WoopEvents.app */ = {isa = PBXFileReference; explicitFileType = wrapper.application; includeInIndex = 0; path = WoopEvents.app; sourceTree = BUILT_PRODUCTS_DIR; };
		EC0C521E243FCDDC00B9374C /* AppDelegate.swift */ = {isa = PBXFileReference; lastKnownFileType = sourcecode.swift; path = AppDelegate.swift; sourceTree = "<group>"; };
		EC0C5225243FCDDC00B9374C /* Base */ = {isa = PBXFileReference; lastKnownFileType = file.storyboard; name = Base; path = Base.lproj/Main.storyboard; sourceTree = "<group>"; };
		EC0C5227243FCDE200B9374C /* Assets.xcassets */ = {isa = PBXFileReference; lastKnownFileType = folder.assetcatalog; path = Assets.xcassets; sourceTree = "<group>"; };
		EC0C522A243FCDE200B9374C /* Base */ = {isa = PBXFileReference; lastKnownFileType = file.storyboard; name = Base; path = Base.lproj/LaunchScreen.storyboard; sourceTree = "<group>"; };
		EC0C522C243FCDE200B9374C /* Info.plist */ = {isa = PBXFileReference; lastKnownFileType = text.plist.xml; path = Info.plist; sourceTree = "<group>"; };
		EC0C5231243FCDE200B9374C /* WoopEventsTests.xctest */ = {isa = PBXFileReference; explicitFileType = wrapper.cfbundle; includeInIndex = 0; path = WoopEventsTests.xctest; sourceTree = BUILT_PRODUCTS_DIR; };
		EC0C5235243FCDE200B9374C /* WoopEventsTests.swift */ = {isa = PBXFileReference; lastKnownFileType = sourcecode.swift; path = WoopEventsTests.swift; sourceTree = "<group>"; };
		EC0C5237243FCDE200B9374C /* Info.plist */ = {isa = PBXFileReference; lastKnownFileType = text.plist.xml; path = Info.plist; sourceTree = "<group>"; };
		EC0C523C243FCDE200B9374C /* WoopEventsUITests.xctest */ = {isa = PBXFileReference; explicitFileType = wrapper.cfbundle; includeInIndex = 0; path = WoopEventsUITests.xctest; sourceTree = BUILT_PRODUCTS_DIR; };
		EC0C5240243FCDE200B9374C /* WoopEventsUITests.swift */ = {isa = PBXFileReference; lastKnownFileType = sourcecode.swift; path = WoopEventsUITests.swift; sourceTree = "<group>"; };
		EC0C5242243FCDE200B9374C /* Info.plist */ = {isa = PBXFileReference; lastKnownFileType = text.plist.xml; path = Info.plist; sourceTree = "<group>"; };
/* End PBXFileReference section */

/* Begin PBXFrameworksBuildPhase section */
		EC0C5218243FCDDC00B9374C /* Frameworks */ = {
			isa = PBXFrameworksBuildPhase;
			buildActionMask = 2147483647;
			files = (
				8BFE2AC76DEF8AD7FE298B20 /* Pods_WoopEvents.framework in Frameworks */,
			);
			runOnlyForDeploymentPostprocessing = 0;
		};
		EC0C522E243FCDE200B9374C /* Frameworks */ = {
			isa = PBXFrameworksBuildPhase;
			buildActionMask = 2147483647;
			files = (
				5C1ADDFBD8D036D1C61AFBFC /* Pods_WoopEventsTests.framework in Frameworks */,
			);
			runOnlyForDeploymentPostprocessing = 0;
		};
		EC0C5239243FCDE200B9374C /* Frameworks */ = {
			isa = PBXFrameworksBuildPhase;
			buildActionMask = 2147483647;
			files = (
				D14F26A178CEB873A3946F16 /* Pods_WoopEvents_WoopEventsUITests.framework in Frameworks */,
			);
			runOnlyForDeploymentPostprocessing = 0;
		};
/* End PBXFrameworksBuildPhase section */

/* Begin PBXGroup section */
		463CD9182445D141009B59B3 /* Static */ = {
			isa = PBXGroup;
			children = (
				463CD9192445D179009B59B3 /* AccessibilityIdentifiers.swift */,
				463CD91B2445D1A0009B59B3 /* AccessibilityLabels.swift */,
			);
			path = Static;
			sourceTree = "<group>";
		};
		463CD91E2445D94B009B59B3 /* Utils */ = {
			isa = PBXGroup;
			children = (
				463CD9202445D982009B59B3 /* XCTestCase+Helpers.swift */,
			);
			path = Utils;
			sourceTree = "<group>";
		};
		465EBDB7243FF4A700C35D97 /* Helpers */ = {
			isa = PBXGroup;
			children = (
				465EBDCB243FFACB00C35D97 /* TypeAlias.swift */,
			);
			path = Helpers;
			sourceTree = "<group>";
		};
		465EBDB8243FF4A700C35D97 /* View */ = {
			isa = PBXGroup;
			children = (
				465EBDDD2441185B00C35D97 /* Cells */,
				465EBDBF243FF53900C35D97 /* ShadowedView.swift */,
				4682CA3024456B420098B930 /* ErrorView.swift */,
				4682CA3224456D3A0098B930 /* ErrorView.xib */,
				4682CA2E24456A390098B930 /* BaseXibComponent.swift */,
			);
			path = View;
			sourceTree = "<group>";
		};
		465EBDB9243FF4A700C35D97 /* Services */ = {
			isa = PBXGroup;
			children = (
				465EBDC3243FF69000C35D97 /* WEService.swift */,
				465EBDEF2443D26400C35D97 /* WeStoryboardManager.swift */,
				4682CA2C244569400098B930 /* WeConnectivityStatus.swift */,
			);
			path = Services;
			sourceTree = "<group>";
		};
		465EBDBA243FF4A700C35D97 /* Extensions */ = {
			isa = PBXGroup;
			children = (
				465EBDC5243FF85700C35D97 /* URLSession+Extension.swift */,
				465EBDC7243FF86F00C35D97 /* Date+Extension.swift */,
				465EBDE424416A1200C35D97 /* UIImageView+Extension.swift */,
				4682CA2A244539C50098B930 /* UINavigationController+Extension.swift */,
			);
			path = Extensions;
			sourceTree = "<group>";
		};
		465EBDBB243FF4A700C35D97 /* Fonts */ = {
			isa = PBXGroup;
			children = (
				465EBDCE243FFB6600C35D97 /* Roboto-Bold.ttf */,
				465EBDCF243FFB6600C35D97 /* Roboto-Italic.ttf */,
				465EBDD0243FFB6600C35D97 /* Roboto-Light.ttf */,
				465EBDCD243FFB6600C35D97 /* Roboto-Medium.ttf */,
				465EBDD1243FFB6600C35D97 /* Roboto-Regular.ttf */,
			);
			path = Fonts;
			sourceTree = "<group>";
		};
		465EBDBC243FF4A700C35D97 /* Model */ = {
			isa = PBXGroup;
			children = (
				465EBDD7244035C600C35D97 /* Event.swift */,
				465EBDD92440407C00C35D97 /* Coupon.swift */,
				465EBDDB2440455C00C35D97 /* Person.swift */,
				4682CA2424443CC40098B930 /* Checkin.swift */,
				4682CA2624450BDC0098B930 /* CheckinResponse.swift */,
				465EBDE2244162F900C35D97 /* ReversedGeoLocation.swift */,
			);
			path = Model;
			sourceTree = "<group>";
		};
		465EBDBD243FF4A700C35D97 /* ViewControllers */ = {
			isa = PBXGroup;
			children = (
				465EBDC1243FF59B00C35D97 /* HomeVC.swift */,
				465EBDE62442B85100C35D97 /* EventDetailVC.swift */,
				4682CA28244530A80098B930 /* CheckinVC.swift */,
			);
			path = ViewControllers;
			sourceTree = "<group>";
		};
		465EBDDD2441185B00C35D97 /* Cells */ = {
			isa = PBXGroup;
			children = (
				465EBDDE244119E900C35D97 /* EventCell.swift */,
				465EBDDF244119E900C35D97 /* EventCell.xib */,
				465EBDE82442C8BC00C35D97 /* EventResumeCell.swift */,
				465EBDE92442C8BC00C35D97 /* EventResumeCell.xib */,
			);
			path = Cells;
			sourceTree = "<group>";
		};
		465EBDEC2443D19400C35D97 /* Protocols */ = {
			isa = PBXGroup;
			children = (
				465EBDED2443D1E300C35D97 /* WeStoryboardViewController.swift */,
			);
			path = Protocols;
			sourceTree = "<group>";
		};
		A6175E3A97DB0A452B70467D /* Frameworks */ = {
			isa = PBXGroup;
			children = (
				0C56AFB8077FB14647090ED9 /* Pods_WoopEvents.framework */,
				3A92DE8478E04B7EDB8D0D50 /* Pods_WoopEvents_WoopEventsUITests.framework */,
				70C0CBF8A3727C1E63127DFA /* Pods_WoopEventsTests.framework */,
			);
			name = Frameworks;
			sourceTree = "<group>";
		};
		BD472FA309B2BE4B35FB9BAF /* Pods */ = {
			isa = PBXGroup;
			children = (
				AB62362BCF3643783D05535C /* Pods-WoopEvents.debug.xcconfig */,
				C6C3159E8F95D733F14AB8B8 /* Pods-WoopEvents.release.xcconfig */,
				1F379F2241525063A0459F8D /* Pods-WoopEvents-WoopEventsUITests.debug.xcconfig */,
				EAAB12C1CA1A5050D5E1AB08 /* Pods-WoopEvents-WoopEventsUITests.release.xcconfig */,
				516FC4C9E04C2CE3852B0759 /* Pods-WoopEventsTests.debug.xcconfig */,
				60C7F16C03C4C8FBF2B96F8E /* Pods-WoopEventsTests.release.xcconfig */,
			);
			path = Pods;
			sourceTree = "<group>";
		};
		EC0C5212243FCDDC00B9374C = {
			isa = PBXGroup;
			children = (
				EC0C521D243FCDDC00B9374C /* WoopEvents */,
				EC0C5234243FCDE200B9374C /* WoopEventsTests */,
				EC0C523F243FCDE200B9374C /* WoopEventsUITests */,
				EC0C521C243FCDDC00B9374C /* Products */,
				BD472FA309B2BE4B35FB9BAF /* Pods */,
				A6175E3A97DB0A452B70467D /* Frameworks */,
			);
			sourceTree = "<group>";
		};
		EC0C521C243FCDDC00B9374C /* Products */ = {
			isa = PBXGroup;
			children = (
				EC0C521B243FCDDC00B9374C /* WoopEvents.app */,
				EC0C5231243FCDE200B9374C /* WoopEventsTests.xctest */,
				EC0C523C243FCDE200B9374C /* WoopEventsUITests.xctest */,
			);
			name = Products;
			sourceTree = "<group>";
		};
		EC0C521D243FCDDC00B9374C /* WoopEvents */ = {
			isa = PBXGroup;
			children = (
				EC0C5224243FCDDC00B9374C /* Main.storyboard */,
				465EBDBC243FF4A700C35D97 /* Model */,
				465EBDB8243FF4A700C35D97 /* View */,
				465EBDBD243FF4A700C35D97 /* ViewControllers */,
				465EBDB9243FF4A700C35D97 /* Services */,
				465EBDB7243FF4A700C35D97 /* Helpers */,
				463CD9182445D141009B59B3 /* Static */,
				465EBDEC2443D19400C35D97 /* Protocols */,
				465EBDBA243FF4A700C35D97 /* Extensions */,
				EC0C521E243FCDDC00B9374C /* AppDelegate.swift */,
				465EBDC9243FF99F00C35D97 /* Colors.xcassets */,
				EC0C5227243FCDE200B9374C /* Assets.xcassets */,
				465EBDBB243FF4A700C35D97 /* Fonts */,
				EC0C5229243FCDE200B9374C /* LaunchScreen.storyboard */,
				EC0C522C243FCDE200B9374C /* Info.plist */,
				465EBDB5243FF39A00C35D97 /* R.generated.swift */,
			);
			path = WoopEvents;
			sourceTree = "<group>";
		};
		EC0C5234243FCDE200B9374C /* WoopEventsTests */ = {
			isa = PBXGroup;
			children = (
				EC0C5235243FCDE200B9374C /* WoopEventsTests.swift */,
				EC0C5237243FCDE200B9374C /* Info.plist */,
			);
			path = WoopEventsTests;
			sourceTree = "<group>";
		};
		EC0C523F243FCDE200B9374C /* WoopEventsUITests */ = {
			isa = PBXGroup;
			children = (
				EC0C5240243FCDE200B9374C /* WoopEventsUITests.swift */,
				463CD91E2445D94B009B59B3 /* Utils */,
				EC0C5242243FCDE200B9374C /* Info.plist */,
			);
			path = WoopEventsUITests;
			sourceTree = "<group>";
		};
/* End PBXGroup section */

/* Begin PBXNativeTarget section */
		EC0C521A243FCDDC00B9374C /* WoopEvents */ = {
			isa = PBXNativeTarget;
			buildConfigurationList = EC0C5245243FCDE200B9374C /* Build configuration list for PBXNativeTarget "WoopEvents" */;
			buildPhases = (
				D2BF44C8633151A87F28C164 /* [CP] Check Pods Manifest.lock */,
				465EBDB4243FF2C600C35D97 /* ShellScript */,
				EC0C5217243FCDDC00B9374C /* Sources */,
				EC0C5218243FCDDC00B9374C /* Frameworks */,
				EC0C5219243FCDDC00B9374C /* Resources */,
				1B144AD732792252CA620ADA /* [CP] Embed Pods Frameworks */,
			);
			buildRules = (
			);
			dependencies = (
			);
			name = WoopEvents;
			productName = WoopEvents;
			productReference = EC0C521B243FCDDC00B9374C /* WoopEvents.app */;
			productType = "com.apple.product-type.application";
		};
		EC0C5230243FCDE200B9374C /* WoopEventsTests */ = {
			isa = PBXNativeTarget;
			buildConfigurationList = EC0C5248243FCDE200B9374C /* Build configuration list for PBXNativeTarget "WoopEventsTests" */;
			buildPhases = (
				9160BAA9FC7ADADCAA49E76B /* [CP] Check Pods Manifest.lock */,
				EC0C522D243FCDE200B9374C /* Sources */,
				EC0C522E243FCDE200B9374C /* Frameworks */,
				EC0C522F243FCDE200B9374C /* Resources */,
			);
			buildRules = (
			);
			dependencies = (
				EC0C5233243FCDE200B9374C /* PBXTargetDependency */,
			);
			name = WoopEventsTests;
			productName = WoopEventsTests;
			productReference = EC0C5231243FCDE200B9374C /* WoopEventsTests.xctest */;
			productType = "com.apple.product-type.bundle.unit-test";
		};
		EC0C523B243FCDE200B9374C /* WoopEventsUITests */ = {
			isa = PBXNativeTarget;
			buildConfigurationList = EC0C524B243FCDE200B9374C /* Build configuration list for PBXNativeTarget "WoopEventsUITests" */;
			buildPhases = (
				5BB2CB024698AC8F50BDEC84 /* [CP] Check Pods Manifest.lock */,
				EC0C5238243FCDE200B9374C /* Sources */,
				EC0C5239243FCDE200B9374C /* Frameworks */,
				EC0C523A243FCDE200B9374C /* Resources */,
				32A17C182300BB27445A8422 /* [CP] Embed Pods Frameworks */,
			);
			buildRules = (
			);
			dependencies = (
				EC0C523E243FCDE200B9374C /* PBXTargetDependency */,
			);
			name = WoopEventsUITests;
			productName = WoopEventsUITests;
			productReference = EC0C523C243FCDE200B9374C /* WoopEventsUITests.xctest */;
			productType = "com.apple.product-type.bundle.ui-testing";
		};
/* End PBXNativeTarget section */

/* Begin PBXProject section */
		EC0C5213243FCDDC00B9374C /* Project object */ = {
			isa = PBXProject;
			attributes = {
				LastSwiftUpdateCheck = 1140;
				LastUpgradeCheck = 1140;
				ORGANIZATIONNAME = home;
				TargetAttributes = {
					EC0C521A243FCDDC00B9374C = {
						CreatedOnToolsVersion = 11.4;
					};
					EC0C5230243FCDE200B9374C = {
						CreatedOnToolsVersion = 11.4;
						TestTargetID = EC0C521A243FCDDC00B9374C;
					};
					EC0C523B243FCDE200B9374C = {
						CreatedOnToolsVersion = 11.4;
						TestTargetID = EC0C521A243FCDDC00B9374C;
					};
				};
			};
			buildConfigurationList = EC0C5216243FCDDC00B9374C /* Build configuration list for PBXProject "WoopEvents" */;
			compatibilityVersion = "Xcode 9.3";
			developmentRegion = en;
			hasScannedForEncodings = 0;
			knownRegions = (
				en,
				Base,
			);
			mainGroup = EC0C5212243FCDDC00B9374C;
			productRefGroup = EC0C521C243FCDDC00B9374C /* Products */;
			projectDirPath = "";
			projectRoot = "";
			targets = (
				EC0C521A243FCDDC00B9374C /* WoopEvents */,
				EC0C5230243FCDE200B9374C /* WoopEventsTests */,
				EC0C523B243FCDE200B9374C /* WoopEventsUITests */,
			);
		};
/* End PBXProject section */

/* Begin PBXResourcesBuildPhase section */
		EC0C5219243FCDDC00B9374C /* Resources */ = {
			isa = PBXResourcesBuildPhase;
			buildActionMask = 2147483647;
			files = (
				465EBDD2243FFB6600C35D97 /* Roboto-Medium.ttf in Resources */,
				EC0C522B243FCDE200B9374C /* LaunchScreen.storyboard in Resources */,
				465EBDD3243FFB6600C35D97 /* Roboto-Bold.ttf in Resources */,
				4682CA3324456D3A0098B930 /* ErrorView.xib in Resources */,
				465EBDCA243FF99F00C35D97 /* Colors.xcassets in Resources */,
				465EBDD4243FFB6600C35D97 /* Roboto-Italic.ttf in Resources */,
				EC0C5228243FCDE200B9374C /* Assets.xcassets in Resources */,
				465EBDD6243FFB6600C35D97 /* Roboto-Regular.ttf in Resources */,
				465EBDD5243FFB6600C35D97 /* Roboto-Light.ttf in Resources */,
				465EBDE1244119E900C35D97 /* EventCell.xib in Resources */,
				465EBDEB2442C8BD00C35D97 /* EventResumeCell.xib in Resources */,
				EC0C5226243FCDDC00B9374C /* Main.storyboard in Resources */,
			);
			runOnlyForDeploymentPostprocessing = 0;
		};
		EC0C522F243FCDE200B9374C /* Resources */ = {
			isa = PBXResourcesBuildPhase;
			buildActionMask = 2147483647;
			files = (
			);
			runOnlyForDeploymentPostprocessing = 0;
		};
		EC0C523A243FCDE200B9374C /* Resources */ = {
			isa = PBXResourcesBuildPhase;
			buildActionMask = 2147483647;
			files = (
			);
			runOnlyForDeploymentPostprocessing = 0;
		};
/* End PBXResourcesBuildPhase section */

/* Begin PBXShellScriptBuildPhase section */
		1B144AD732792252CA620ADA /* [CP] Embed Pods Frameworks */ = {
			isa = PBXShellScriptBuildPhase;
			buildActionMask = 2147483647;
			files = (
			);
			inputFileListPaths = (
				"${PODS_ROOT}/Target Support Files/Pods-WoopEvents/Pods-WoopEvents-frameworks-${CONFIGURATION}-input-files.xcfilelist",
			);
			name = "[CP] Embed Pods Frameworks";
			outputFileListPaths = (
				"${PODS_ROOT}/Target Support Files/Pods-WoopEvents/Pods-WoopEvents-frameworks-${CONFIGURATION}-output-files.xcfilelist",
			);
			runOnlyForDeploymentPostprocessing = 0;
			shellPath = /bin/sh;
			shellScript = "\"${PODS_ROOT}/Target Support Files/Pods-WoopEvents/Pods-WoopEvents-frameworks.sh\"\n";
			showEnvVarsInLog = 0;
		};
		32A17C182300BB27445A8422 /* [CP] Embed Pods Frameworks */ = {
			isa = PBXShellScriptBuildPhase;
			buildActionMask = 2147483647;
			files = (
			);
			inputFileListPaths = (
				"${PODS_ROOT}/Target Support Files/Pods-WoopEvents-WoopEventsUITests/Pods-WoopEvents-WoopEventsUITests-frameworks-${CONFIGURATION}-input-files.xcfilelist",
			);
			name = "[CP] Embed Pods Frameworks";
			outputFileListPaths = (
				"${PODS_ROOT}/Target Support Files/Pods-WoopEvents-WoopEventsUITests/Pods-WoopEvents-WoopEventsUITests-frameworks-${CONFIGURATION}-output-files.xcfilelist",
			);
			runOnlyForDeploymentPostprocessing = 0;
			shellPath = /bin/sh;
			shellScript = "\"${PODS_ROOT}/Target Support Files/Pods-WoopEvents-WoopEventsUITests/Pods-WoopEvents-WoopEventsUITests-frameworks.sh\"\n";
			showEnvVarsInLog = 0;
		};
		465EBDB4243FF2C600C35D97 /* ShellScript */ = {
			isa = PBXShellScriptBuildPhase;
			buildActionMask = 2147483647;
			files = (
			);
			inputFileListPaths = (
			);
			inputPaths = (
				"$TEMP_DIR/rswift-lastrun",
			);
			outputFileListPaths = (
			);
			outputPaths = (
				$SRCROOT/R.generated.swift,
			);
			runOnlyForDeploymentPostprocessing = 0;
			shellPath = /bin/sh;
			shellScript = "\"$PODS_ROOT/R.swift/rswift\" generate \"$SRCROOT/R.generated.swift\"\n";
		};
		5BB2CB024698AC8F50BDEC84 /* [CP] Check Pods Manifest.lock */ = {
			isa = PBXShellScriptBuildPhase;
			buildActionMask = 2147483647;
			files = (
			);
			inputFileListPaths = (
			);
			inputPaths = (
				"${PODS_PODFILE_DIR_PATH}/Podfile.lock",
				"${PODS_ROOT}/Manifest.lock",
			);
			name = "[CP] Check Pods Manifest.lock";
			outputFileListPaths = (
			);
			outputPaths = (
				"$(DERIVED_FILE_DIR)/Pods-WoopEvents-WoopEventsUITests-checkManifestLockResult.txt",
			);
			runOnlyForDeploymentPostprocessing = 0;
			shellPath = /bin/sh;
			shellScript = "diff \"${PODS_PODFILE_DIR_PATH}/Podfile.lock\" \"${PODS_ROOT}/Manifest.lock\" > /dev/null\nif [ $? != 0 ] ; then\n    # print error to STDERR\n    echo \"error: The sandbox is not in sync with the Podfile.lock. Run 'pod install' or update your CocoaPods installation.\" >&2\n    exit 1\nfi\n# This output is used by Xcode 'outputs' to avoid re-running this script phase.\necho \"SUCCESS\" > \"${SCRIPT_OUTPUT_FILE_0}\"\n";
			showEnvVarsInLog = 0;
		};
		9160BAA9FC7ADADCAA49E76B /* [CP] Check Pods Manifest.lock */ = {
			isa = PBXShellScriptBuildPhase;
			buildActionMask = 2147483647;
			files = (
			);
			inputFileListPaths = (
			);
			inputPaths = (
				"${PODS_PODFILE_DIR_PATH}/Podfile.lock",
				"${PODS_ROOT}/Manifest.lock",
			);
			name = "[CP] Check Pods Manifest.lock";
			outputFileListPaths = (
			);
			outputPaths = (
				"$(DERIVED_FILE_DIR)/Pods-WoopEventsTests-checkManifestLockResult.txt",
			);
			runOnlyForDeploymentPostprocessing = 0;
			shellPath = /bin/sh;
			shellScript = "diff \"${PODS_PODFILE_DIR_PATH}/Podfile.lock\" \"${PODS_ROOT}/Manifest.lock\" > /dev/null\nif [ $? != 0 ] ; then\n    # print error to STDERR\n    echo \"error: The sandbox is not in sync with the Podfile.lock. Run 'pod install' or update your CocoaPods installation.\" >&2\n    exit 1\nfi\n# This output is used by Xcode 'outputs' to avoid re-running this script phase.\necho \"SUCCESS\" > \"${SCRIPT_OUTPUT_FILE_0}\"\n";
			showEnvVarsInLog = 0;
		};
		D2BF44C8633151A87F28C164 /* [CP] Check Pods Manifest.lock */ = {
			isa = PBXShellScriptBuildPhase;
			buildActionMask = 2147483647;
			files = (
			);
			inputFileListPaths = (
			);
			inputPaths = (
				"${PODS_PODFILE_DIR_PATH}/Podfile.lock",
				"${PODS_ROOT}/Manifest.lock",
			);
			name = "[CP] Check Pods Manifest.lock";
			outputFileListPaths = (
			);
			outputPaths = (
				"$(DERIVED_FILE_DIR)/Pods-WoopEvents-checkManifestLockResult.txt",
			);
			runOnlyForDeploymentPostprocessing = 0;
			shellPath = /bin/sh;
			shellScript = "diff \"${PODS_PODFILE_DIR_PATH}/Podfile.lock\" \"${PODS_ROOT}/Manifest.lock\" > /dev/null\nif [ $? != 0 ] ; then\n    # print error to STDERR\n    echo \"error: The sandbox is not in sync with the Podfile.lock. Run 'pod install' or update your CocoaPods installation.\" >&2\n    exit 1\nfi\n# This output is used by Xcode 'outputs' to avoid re-running this script phase.\necho \"SUCCESS\" > \"${SCRIPT_OUTPUT_FILE_0}\"\n";
			showEnvVarsInLog = 0;
		};
/* End PBXShellScriptBuildPhase section */

/* Begin PBXSourcesBuildPhase section */
		EC0C5217243FCDDC00B9374C /* Sources */ = {
			isa = PBXSourcesBuildPhase;
			buildActionMask = 2147483647;
			files = (
				4682CA3124456B430098B930 /* ErrorView.swift in Sources */,
				4682CA29244530A80098B930 /* CheckinVC.swift in Sources */,
				465EBDC4243FF69000C35D97 /* WEService.swift in Sources */,
				465EBDEE2443D1E300C35D97 /* WeStoryboardViewController.swift in Sources */,
				465EBDD8244035C600C35D97 /* Event.swift in Sources */,
				4682CA2D244569400098B930 /* WeConnectivityStatus.swift in Sources */,
				465EBDE524416A1200C35D97 /* UIImageView+Extension.swift in Sources */,
				465EBDEA2442C8BC00C35D97 /* EventResumeCell.swift in Sources */,
				465EBDE3244162F900C35D97 /* ReversedGeoLocation.swift in Sources */,
				EC0C521F243FCDDC00B9374C /* AppDelegate.swift in Sources */,
				463CD91C2445D1A0009B59B3 /* AccessibilityLabels.swift in Sources */,
				465EBDCC243FFACB00C35D97 /* TypeAlias.swift in Sources */,
				465EBDF02443D26400C35D97 /* WeStoryboardManager.swift in Sources */,
				4682CA2524443CC40098B930 /* Checkin.swift in Sources */,
				465EBDE0244119E900C35D97 /* EventCell.swift in Sources */,
				4682CA2724450BDC0098B930 /* CheckinResponse.swift in Sources */,
				4682CA2B244539C50098B930 /* UINavigationController+Extension.swift in Sources */,
				465EBDDC2440455C00C35D97 /* Person.swift in Sources */,
				465EBDC6243FF85700C35D97 /* URLSession+Extension.swift in Sources */,
				465EBDE72442B85100C35D97 /* EventDetailVC.swift in Sources */,
				4682CA2F24456A390098B930 /* BaseXibComponent.swift in Sources */,
				465EBDDA2440407C00C35D97 /* Coupon.swift in Sources */,
				463CD91A2445D179009B59B3 /* AccessibilityIdentifiers.swift in Sources */,
				465EBDC2243FF59B00C35D97 /* HomeVC.swift in Sources */,
				465EBDB6243FF39A00C35D97 /* R.generated.swift in Sources */,
				465EBDC0243FF53900C35D97 /* ShadowedView.swift in Sources */,
				465EBDC8243FF86F00C35D97 /* Date+Extension.swift in Sources */,
			);
			runOnlyForDeploymentPostprocessing = 0;
		};
		EC0C522D243FCDE200B9374C /* Sources */ = {
			isa = PBXSourcesBuildPhase;
			buildActionMask = 2147483647;
			files = (
				EC0C5236243FCDE200B9374C /* WoopEventsTests.swift in Sources */,
			);
			runOnlyForDeploymentPostprocessing = 0;
		};
		EC0C5238243FCDE200B9374C /* Sources */ = {
			isa = PBXSourcesBuildPhase;
			buildActionMask = 2147483647;
			files = (
				463CD9222445DE38009B59B3 /* AccessibilityIdentifiers.swift in Sources */,
				463CD9232445DE38009B59B3 /* AccessibilityLabels.swift in Sources */,
				463CD9212445D982009B59B3 /* XCTestCase+Helpers.swift in Sources */,
				EC0C5241243FCDE200B9374C /* WoopEventsUITests.swift in Sources */,
			);
			runOnlyForDeploymentPostprocessing = 0;
		};
/* End PBXSourcesBuildPhase section */

/* Begin PBXTargetDependency section */
		EC0C5233243FCDE200B9374C /* PBXTargetDependency */ = {
			isa = PBXTargetDependency;
			target = EC0C521A243FCDDC00B9374C /* WoopEvents */;
			targetProxy = EC0C5232243FCDE200B9374C /* PBXContainerItemProxy */;
		};
		EC0C523E243FCDE200B9374C /* PBXTargetDependency */ = {
			isa = PBXTargetDependency;
			target = EC0C521A243FCDDC00B9374C /* WoopEvents */;
			targetProxy = EC0C523D243FCDE200B9374C /* PBXContainerItemProxy */;
		};
/* End PBXTargetDependency section */

/* Begin PBXVariantGroup section */
		EC0C5224243FCDDC00B9374C /* Main.storyboard */ = {
			isa = PBXVariantGroup;
			children = (
				EC0C5225243FCDDC00B9374C /* Base */,
			);
			name = Main.storyboard;
			sourceTree = "<group>";
		};
		EC0C5229243FCDE200B9374C /* LaunchScreen.storyboard */ = {
			isa = PBXVariantGroup;
			children = (
				EC0C522A243FCDE200B9374C /* Base */,
			);
			name = LaunchScreen.storyboard;
			sourceTree = "<group>";
		};
/* End PBXVariantGroup section */

/* Begin XCBuildConfiguration section */
		EC0C5243243FCDE200B9374C /* Debug */ = {
			isa = XCBuildConfiguration;
			buildSettings = {
				ALWAYS_SEARCH_USER_PATHS = NO;
				CLANG_ANALYZER_NONNULL = YES;
				CLANG_ANALYZER_NUMBER_OBJECT_CONVERSION = YES_AGGRESSIVE;
				CLANG_CXX_LANGUAGE_STANDARD = "gnu++14";
				CLANG_CXX_LIBRARY = "libc++";
				CLANG_ENABLE_MODULES = YES;
				CLANG_ENABLE_OBJC_ARC = YES;
				CLANG_ENABLE_OBJC_WEAK = YES;
				CLANG_WARN_BLOCK_CAPTURE_AUTORELEASING = YES;
				CLANG_WARN_BOOL_CONVERSION = YES;
				CLANG_WARN_COMMA = YES;
				CLANG_WARN_CONSTANT_CONVERSION = YES;
				CLANG_WARN_DEPRECATED_OBJC_IMPLEMENTATIONS = YES;
				CLANG_WARN_DIRECT_OBJC_ISA_USAGE = YES_ERROR;
				CLANG_WARN_DOCUMENTATION_COMMENTS = YES;
				CLANG_WARN_EMPTY_BODY = YES;
				CLANG_WARN_ENUM_CONVERSION = YES;
				CLANG_WARN_INFINITE_RECURSION = YES;
				CLANG_WARN_INT_CONVERSION = YES;
				CLANG_WARN_NON_LITERAL_NULL_CONVERSION = YES;
				CLANG_WARN_OBJC_IMPLICIT_RETAIN_SELF = YES;
				CLANG_WARN_OBJC_LITERAL_CONVERSION = YES;
				CLANG_WARN_OBJC_ROOT_CLASS = YES_ERROR;
				CLANG_WARN_RANGE_LOOP_ANALYSIS = YES;
				CLANG_WARN_STRICT_PROTOTYPES = YES;
				CLANG_WARN_SUSPICIOUS_MOVE = YES;
				CLANG_WARN_UNGUARDED_AVAILABILITY = YES_AGGRESSIVE;
				CLANG_WARN_UNREACHABLE_CODE = YES;
				CLANG_WARN__DUPLICATE_METHOD_MATCH = YES;
				COPY_PHASE_STRIP = NO;
				DEBUG_INFORMATION_FORMAT = dwarf;
				ENABLE_STRICT_OBJC_MSGSEND = YES;
				ENABLE_TESTABILITY = YES;
				GCC_C_LANGUAGE_STANDARD = gnu11;
				GCC_DYNAMIC_NO_PIC = NO;
				GCC_NO_COMMON_BLOCKS = YES;
				GCC_OPTIMIZATION_LEVEL = 0;
				GCC_PREPROCESSOR_DEFINITIONS = (
					"DEBUG=1",
					"$(inherited)",
				);
				GCC_WARN_64_TO_32_BIT_CONVERSION = YES;
				GCC_WARN_ABOUT_RETURN_TYPE = YES_ERROR;
				GCC_WARN_UNDECLARED_SELECTOR = YES;
				GCC_WARN_UNINITIALIZED_AUTOS = YES_AGGRESSIVE;
				GCC_WARN_UNUSED_FUNCTION = YES;
				GCC_WARN_UNUSED_VARIABLE = YES;
				IPHONEOS_DEPLOYMENT_TARGET = 13.4;
				MTL_ENABLE_DEBUG_INFO = INCLUDE_SOURCE;
				MTL_FAST_MATH = YES;
				ONLY_ACTIVE_ARCH = YES;
				SDKROOT = iphoneos;
				SWIFT_ACTIVE_COMPILATION_CONDITIONS = DEBUG;
				SWIFT_OPTIMIZATION_LEVEL = "-Onone";
			};
			name = Debug;
		};
		EC0C5244243FCDE200B9374C /* Release */ = {
			isa = XCBuildConfiguration;
			buildSettings = {
				ALWAYS_SEARCH_USER_PATHS = NO;
				CLANG_ANALYZER_NONNULL = YES;
				CLANG_ANALYZER_NUMBER_OBJECT_CONVERSION = YES_AGGRESSIVE;
				CLANG_CXX_LANGUAGE_STANDARD = "gnu++14";
				CLANG_CXX_LIBRARY = "libc++";
				CLANG_ENABLE_MODULES = YES;
				CLANG_ENABLE_OBJC_ARC = YES;
				CLANG_ENABLE_OBJC_WEAK = YES;
				CLANG_WARN_BLOCK_CAPTURE_AUTORELEASING = YES;
				CLANG_WARN_BOOL_CONVERSION = YES;
				CLANG_WARN_COMMA = YES;
				CLANG_WARN_CONSTANT_CONVERSION = YES;
				CLANG_WARN_DEPRECATED_OBJC_IMPLEMENTATIONS = YES;
				CLANG_WARN_DIRECT_OBJC_ISA_USAGE = YES_ERROR;
				CLANG_WARN_DOCUMENTATION_COMMENTS = YES;
				CLANG_WARN_EMPTY_BODY = YES;
				CLANG_WARN_ENUM_CONVERSION = YES;
				CLANG_WARN_INFINITE_RECURSION = YES;
				CLANG_WARN_INT_CONVERSION = YES;
				CLANG_WARN_NON_LITERAL_NULL_CONVERSION = YES;
				CLANG_WARN_OBJC_IMPLICIT_RETAIN_SELF = YES;
				CLANG_WARN_OBJC_LITERAL_CONVERSION = YES;
				CLANG_WARN_OBJC_ROOT_CLASS = YES_ERROR;
				CLANG_WARN_RANGE_LOOP_ANALYSIS = YES;
				CLANG_WARN_STRICT_PROTOTYPES = YES;
				CLANG_WARN_SUSPICIOUS_MOVE = YES;
				CLANG_WARN_UNGUARDED_AVAILABILITY = YES_AGGRESSIVE;
				CLANG_WARN_UNREACHABLE_CODE = YES;
				CLANG_WARN__DUPLICATE_METHOD_MATCH = YES;
				COPY_PHASE_STRIP = NO;
				DEBUG_INFORMATION_FORMAT = "dwarf-with-dsym";
				ENABLE_NS_ASSERTIONS = NO;
				ENABLE_STRICT_OBJC_MSGSEND = YES;
				GCC_C_LANGUAGE_STANDARD = gnu11;
				GCC_NO_COMMON_BLOCKS = YES;
				GCC_WARN_64_TO_32_BIT_CONVERSION = YES;
				GCC_WARN_ABOUT_RETURN_TYPE = YES_ERROR;
				GCC_WARN_UNDECLARED_SELECTOR = YES;
				GCC_WARN_UNINITIALIZED_AUTOS = YES_AGGRESSIVE;
				GCC_WARN_UNUSED_FUNCTION = YES;
				GCC_WARN_UNUSED_VARIABLE = YES;
				IPHONEOS_DEPLOYMENT_TARGET = 13.4;
				MTL_ENABLE_DEBUG_INFO = NO;
				MTL_FAST_MATH = YES;
				SDKROOT = iphoneos;
				SWIFT_COMPILATION_MODE = wholemodule;
				SWIFT_OPTIMIZATION_LEVEL = "-O";
				VALIDATE_PRODUCT = YES;
			};
			name = Release;
		};
		EC0C5246243FCDE200B9374C /* Debug */ = {
			isa = XCBuildConfiguration;
			baseConfigurationReference = AB62362BCF3643783D05535C /* Pods-WoopEvents.debug.xcconfig */;
			buildSettings = {
				ASSETCATALOG_COMPILER_APPICON_NAME = AppIcon;
				CODE_SIGN_STYLE = Automatic;
				DEVELOPMENT_TEAM = WAWNG4XA39;
				INFOPLIST_FILE = WoopEvents/Info.plist;
				IPHONEOS_DEPLOYMENT_TARGET = 12.1;
				LD_RUNPATH_SEARCH_PATHS = (
					"$(inherited)",
					"@executable_path/Frameworks",
				);
				PRODUCT_BUNDLE_IDENTIFIER = br.com.WoopEvents;
				PRODUCT_NAME = "$(TARGET_NAME)";
				SWIFT_VERSION = 5.0;
				TARGETED_DEVICE_FAMILY = 1;
			};
			name = Debug;
		};
		EC0C5247243FCDE200B9374C /* Release */ = {
			isa = XCBuildConfiguration;
			baseConfigurationReference = C6C3159E8F95D733F14AB8B8 /* Pods-WoopEvents.release.xcconfig */;
			buildSettings = {
				ASSETCATALOG_COMPILER_APPICON_NAME = AppIcon;
				CODE_SIGN_STYLE = Automatic;
				DEVELOPMENT_TEAM = WAWNG4XA39;
				INFOPLIST_FILE = WoopEvents/Info.plist;
				IPHONEOS_DEPLOYMENT_TARGET = 12.1;
				LD_RUNPATH_SEARCH_PATHS = (
					"$(inherited)",
					"@executable_path/Frameworks",
				);
				PRODUCT_BUNDLE_IDENTIFIER = br.com.WoopEvents;
				PRODUCT_NAME = "$(TARGET_NAME)";
				SWIFT_VERSION = 5.0;
				TARGETED_DEVICE_FAMILY = 1;
			};
			name = Release;
		};
		EC0C5249243FCDE200B9374C /* Debug */ = {
			isa = XCBuildConfiguration;
			baseConfigurationReference = 516FC4C9E04C2CE3852B0759 /* Pods-WoopEventsTests.debug.xcconfig */;
			buildSettings = {
				ALWAYS_EMBED_SWIFT_STANDARD_LIBRARIES = YES;
				BUNDLE_LOADER = "$(TEST_HOST)";
				CODE_SIGN_STYLE = Automatic;
				DEVELOPMENT_TEAM = WAWNG4XA39;
				INFOPLIST_FILE = WoopEventsTests/Info.plist;
				IPHONEOS_DEPLOYMENT_TARGET = 13.4;
				LD_RUNPATH_SEARCH_PATHS = (
					"$(inherited)",
					"@executable_path/Frameworks",
					"@loader_path/Frameworks",
				);
				PRODUCT_BUNDLE_IDENTIFIER = br.com.WoopEventsTests;
				PRODUCT_NAME = "$(TARGET_NAME)";
				SWIFT_VERSION = 5.0;
				TARGETED_DEVICE_FAMILY = "1,2";
				TEST_HOST = "$(BUILT_PRODUCTS_DIR)/WoopEvents.app/WoopEvents";
			};
			name = Debug;
		};
		EC0C524A243FCDE200B9374C /* Release */ = {
			isa = XCBuildConfiguration;
			baseConfigurationReference = 60C7F16C03C4C8FBF2B96F8E /* Pods-WoopEventsTests.release.xcconfig */;
			buildSettings = {
				ALWAYS_EMBED_SWIFT_STANDARD_LIBRARIES = YES;
				BUNDLE_LOADER = "$(TEST_HOST)";
				CODE_SIGN_STYLE = Automatic;
				DEVELOPMENT_TEAM = WAWNG4XA39;
				INFOPLIST_FILE = WoopEventsTests/Info.plist;
				IPHONEOS_DEPLOYMENT_TARGET = 13.4;
				LD_RUNPATH_SEARCH_PATHS = (
					"$(inherited)",
					"@executable_path/Frameworks",
					"@loader_path/Frameworks",
				);
				PRODUCT_BUNDLE_IDENTIFIER = br.com.WoopEventsTests;
				PRODUCT_NAME = "$(TARGET_NAME)";
				SWIFT_VERSION = 5.0;
				TARGETED_DEVICE_FAMILY = "1,2";
				TEST_HOST = "$(BUILT_PRODUCTS_DIR)/WoopEvents.app/WoopEvents";
			};
			name = Release;
		};
		EC0C524C243FCDE200B9374C /* Debug */ = {
			isa = XCBuildConfiguration;
			baseConfigurationReference = 1F379F2241525063A0459F8D /* Pods-WoopEvents-WoopEventsUITests.debug.xcconfig */;
			buildSettings = {
				ALWAYS_EMBED_SWIFT_STANDARD_LIBRARIES = YES;
				CODE_SIGN_STYLE = Automatic;
				DEVELOPMENT_TEAM = WAWNG4XA39;
				INFOPLIST_FILE = WoopEventsUITests/Info.plist;
				LD_RUNPATH_SEARCH_PATHS = (
					"$(inherited)",
					"@executable_path/Frameworks",
					"@loader_path/Frameworks",
				);
				PRODUCT_BUNDLE_IDENTIFIER = br.com.WoopEventsUITests;
				PRODUCT_NAME = "$(TARGET_NAME)";
				SWIFT_VERSION = 5.0;
				TARGETED_DEVICE_FAMILY = "1,2";
				TEST_TARGET_NAME = WoopEvents;
			};
			name = Debug;
		};
		EC0C524D243FCDE200B9374C /* Release */ = {
			isa = XCBuildConfiguration;
			baseConfigurationReference = EAAB12C1CA1A5050D5E1AB08 /* Pods-WoopEvents-WoopEventsUITests.release.xcconfig */;
			buildSettings = {
				ALWAYS_EMBED_SWIFT_STANDARD_LIBRARIES = YES;
				CODE_SIGN_STYLE = Automatic;
				DEVELOPMENT_TEAM = WAWNG4XA39;
				INFOPLIST_FILE = WoopEventsUITests/Info.plist;
				LD_RUNPATH_SEARCH_PATHS = (
					"$(inherited)",
					"@executable_path/Frameworks",
					"@loader_path/Frameworks",
				);
				PRODUCT_BUNDLE_IDENTIFIER = br.com.WoopEventsUITests;
				PRODUCT_NAME = "$(TARGET_NAME)";
				SWIFT_VERSION = 5.0;
				TARGETED_DEVICE_FAMILY = "1,2";
				TEST_TARGET_NAME = WoopEvents;
			};
			name = Release;
		};
/* End XCBuildConfiguration section */

/* Begin XCConfigurationList section */
		EC0C5216243FCDDC00B9374C /* Build configuration list for PBXProject "WoopEvents" */ = {
			isa = XCConfigurationList;
			buildConfigurations = (
				EC0C5243243FCDE200B9374C /* Debug */,
				EC0C5244243FCDE200B9374C /* Release */,
			);
			defaultConfigurationIsVisible = 0;
			defaultConfigurationName = Release;
		};
		EC0C5245243FCDE200B9374C /* Build configuration list for PBXNativeTarget "WoopEvents" */ = {
			isa = XCConfigurationList;
			buildConfigurations = (
				EC0C5246243FCDE200B9374C /* Debug */,
				EC0C5247243FCDE200B9374C /* Release */,
			);
			defaultConfigurationIsVisible = 0;
			defaultConfigurationName = Release;
		};
		EC0C5248243FCDE200B9374C /* Build configuration list for PBXNativeTarget "WoopEventsTests" */ = {
			isa = XCConfigurationList;
			buildConfigurations = (
				EC0C5249243FCDE200B9374C /* Debug */,
				EC0C524A243FCDE200B9374C /* Release */,
			);
			defaultConfigurationIsVisible = 0;
			defaultConfigurationName = Release;
		};
		EC0C524B243FCDE200B9374C /* Build configuration list for PBXNativeTarget "WoopEventsUITests" */ = {
			isa = XCConfigurationList;
			buildConfigurations = (
				EC0C524C243FCDE200B9374C /* Debug */,
				EC0C524D243FCDE200B9374C /* Release */,
			);
			defaultConfigurationIsVisible = 0;
			defaultConfigurationName = Release;
		};
/* End XCConfigurationList section */
	};
	rootObject = EC0C5213243FCDDC00B9374C /* Project object */;
}
